
Microsoft Visual Studio Solution File, Format Version 12.00
# Visual Studio Version 16
VisualStudioVersion = 16.0.29609.76
MinimumVisualStudioVersion = 10.0.40219.1
Project("{159641D6-6404-4A2A-AE62-294DE0FE8301}") = "GeneralDynamicsETL", "GeneralDynamicsETL\GeneralDynamicsETL.dtproj", "{CF3205BD-AA47-471A-B742-387CCCACAD96}"
EndProject
Global
	GlobalSection(SolutionConfigurationPlatforms) = preSolution
		Development|Default = Development|Default
	EndGlobalSection
	GlobalSection(ProjectConfigurationPlatforms) = postSolution
		{CF3205BD-AA47-471A-B742-387CCCACAD96}.Development|Default.ActiveCfg = Development
		{CF3205BD-AA47-471A-B742-387CCCACAD96}.Development|Default.Build.0 = Development
	EndGlobalSection
	GlobalSection(SolutionProperties) = preSolution
		HideSolutionNode = FALSE
	EndGlobalSection
	GlobalSection(ExtensibilityGlobals) = postSolution
		SolutionGuid = {FA594075-A1FF-40F7-9904-B2F282A0A5B7}
	EndGlobalSection
EndGlobal
